// !$*UTF8*$!
{
	archiveVersion = 1;
	classes = {
	};
	objectVersion = 55;
	objects = {

/* Begin PBXBuildFile section */
		565CAEB7285A322700B983D7 /* AppDelegate.swift in Sources */ = {isa = PBXBuildFile; fileRef = 565CAEB6285A322700B983D7 /* AppDelegate.swift */; };
		565CAEB9285A322700B983D7 /* SceneDelegate.swift in Sources */ = {isa = PBXBuildFile; fileRef = 565CAEB8285A322700B983D7 /* SceneDelegate.swift */; };
		565CAEBB285A322700B983D7 /* HomeViewController.swift in Sources */ = {isa = PBXBuildFile; fileRef = 565CAEBA285A322700B983D7 /* HomeViewController.swift */; };
		565CAEBE285A322700B983D7 /* Main.storyboard in Resources */ = {isa = PBXBuildFile; fileRef = 565CAEBC285A322700B983D7 /* Main.storyboard */; };
		565CAEC0285A322800B983D7 /* Assets.xcassets in Resources */ = {isa = PBXBuildFile; fileRef = 565CAEBF285A322800B983D7 /* Assets.xcassets */; };
		565CAEC3285A322800B983D7 /* LaunchScreen.storyboard in Resources */ = {isa = PBXBuildFile; fileRef = 565CAEC1285A322800B983D7 /* LaunchScreen.storyboard */; };
		565CAED0285A335700B983D7 /* ExploreViewController.swift in Sources */ = {isa = PBXBuildFile; fileRef = 565CAECF285A335700B983D7 /* ExploreViewController.swift */; };
		565CAED2285A4D6700B983D7 /* CameraViewController.swift in Sources */ = {isa = PBXBuildFile; fileRef = 565CAED1285A4D6700B983D7 /* CameraViewController.swift */; };
		565CAED4285A4D7C00B983D7 /* NotificationsViewController.swift in Sources */ = {isa = PBXBuildFile; fileRef = 565CAED3285A4D7C00B983D7 /* NotificationsViewController.swift */; };
		565CAED6285A4D8600B983D7 /* ProfileViewController.swift in Sources */ = {isa = PBXBuildFile; fileRef = 565CAED5285A4D8600B983D7 /* ProfileViewController.swift */; };
		565CAEDB285A4E1A00B983D7 /* LoginViewController.swift in Sources */ = {isa = PBXBuildFile; fileRef = 565CAEDA285A4E1A00B983D7 /* LoginViewController.swift */; };
		565CAEDD285A4E2600B983D7 /* RegistrationViewController.swift in Sources */ = {isa = PBXBuildFile; fileRef = 565CAEDC285A4E2600B983D7 /* RegistrationViewController.swift */; };
		565CAEDF285A4E4300B983D7 /* PostViewController.swift in Sources */ = {isa = PBXBuildFile; fileRef = 565CAEDE285A4E4300B983D7 /* PostViewController.swift */; };
		565CAEE1285A4E5F00B983D7 /* EditProfileViewController.swift in Sources */ = {isa = PBXBuildFile; fileRef = 565CAEE0285A4E5F00B983D7 /* EditProfileViewController.swift */; };
		565CAEE3285A4E6E00B983D7 /* SettingsViewController.swift in Sources */ = {isa = PBXBuildFile; fileRef = 565CAEE2285A4E6E00B983D7 /* SettingsViewController.swift */; };
		565CAEE5285A4E7E00B983D7 /* ListViewController.swift in Sources */ = {isa = PBXBuildFile; fileRef = 565CAEE4285A4E7E00B983D7 /* ListViewController.swift */; };
		565CAEE7285A4E9600B983D7 /* SearchViewController.swift in Sources */ = {isa = PBXBuildFile; fileRef = 565CAEE6285A4E9600B983D7 /* SearchViewController.swift */; };
		565CAEE9285A4EAE00B983D7 /* SearchResultViewController.swift in Sources */ = {isa = PBXBuildFile; fileRef = 565CAEE8285A4EAE00B983D7 /* SearchResultViewController.swift */; };
		565CAEEB285A4EDC00B983D7 /* PostEditorViewController.swift in Sources */ = {isa = PBXBuildFile; fileRef = 565CAEEA285A4EDC00B983D7 /* PostEditorViewController.swift */; };
		565CAEED285A4EF000B983D7 /* PublishViewController.swift in Sources */ = {isa = PBXBuildFile; fileRef = 565CAEEC285A4EF000B983D7 /* PublishViewController.swift */; };
		567D3B1A285A5BA6004B4678 /* FirebaseAnalytics in Frameworks */ = {isa = PBXBuildFile; productRef = 567D3B19285A5BA6004B4678 /* FirebaseAnalytics */; };
		567D3B1C285A5BA6004B4678 /* FirebaseAuth in Frameworks */ = {isa = PBXBuildFile; productRef = 567D3B1B285A5BA6004B4678 /* FirebaseAuth */; };
		567D3B1E285A5BA6004B4678 /* FirebaseCrashlytics in Frameworks */ = {isa = PBXBuildFile; productRef = 567D3B1D285A5BA6004B4678 /* FirebaseCrashlytics */; };
		567D3B20285A5BA6004B4678 /* FirebaseDatabase in Frameworks */ = {isa = PBXBuildFile; productRef = 567D3B1F285A5BA6004B4678 /* FirebaseDatabase */; };
		567D3B23285B0556004B4678 /* DatabaseManager.swift in Sources */ = {isa = PBXBuildFile; fileRef = 567D3B22285B0556004B4678 /* DatabaseManager.swift */; };
		567D3B25285B0619004B4678 /* AuthManager.swift in Sources */ = {isa = PBXBuildFile; fileRef = 567D3B24285B0619004B4678 /* AuthManager.swift */; };
		567D3B27285B0646004B4678 /* StorageManager.swift in Sources */ = {isa = PBXBuildFile; fileRef = 567D3B26285B0646004B4678 /* StorageManager.swift */; };
		567D3B2A285B06CC004B4678 /* FirebaseStorage in Frameworks */ = {isa = PBXBuildFile; productRef = 567D3B29285B06CC004B4678 /* FirebaseStorage */; };
		5685A73E285A565900D80C5F /* GoogleService-Info.plist in Resources */ = {isa = PBXBuildFile; fileRef = 5685A73D285A565900D80C5F /* GoogleService-Info.plist */; };
		56CC3B72285B78EE009E9E2E /* Extensions.swift in Sources */ = {isa = PBXBuildFile; fileRef = 56CC3B71285B78EE009E9E2E /* Extensions.swift */; };
		56D30CF8285F5B5700D5F263 /* PhotoCollectionViewCell.swift in Sources */ = {isa = PBXBuildFile; fileRef = 56D30CF7285F5B5700D5F263 /* PhotoCollectionViewCell.swift */; };
		56D30CFA285F5BA800D5F263 /* ProfileInfoHeaderCollectionReusableView.swift in Sources */ = {isa = PBXBuildFile; fileRef = 56D30CF9285F5BA800D5F263 /* ProfileInfoHeaderCollectionReusableView.swift */; };
		56D30CFC285F5BDC00D5F263 /* ProfileTabsCollectionReusableView.swift in Sources */ = {isa = PBXBuildFile; fileRef = 56D30CFB285F5BDC00D5F263 /* ProfileTabsCollectionReusableView.swift */; };
		56D30CFF285F76D000D5F263 /* SDWebImage in Frameworks */ = {isa = PBXBuildFile; productRef = 56D30CFE285F76D000D5F263 /* SDWebImage */; };
		56D30D01285F7C2B00D5F263 /* Models.swift in Sources */ = {isa = PBXBuildFile; fileRef = 56D30D00285F7C2B00D5F263 /* Models.swift */; };
		56F6E7D4285DF9CB00A52663 /* IGFeedPostTableViewCell.swift in Sources */ = {isa = PBXBuildFile; fileRef = 56F6E7D3285DF9CB00A52663 /* IGFeedPostTableViewCell.swift */; };
		56F6E7D7285DFB5200A52663 /* IGFeedPostHeaderTableViewCell.swift in Sources */ = {isa = PBXBuildFile; fileRef = 56F6E7D6285DFB5200A52663 /* IGFeedPostHeaderTableViewCell.swift */; };
		56F6E7D9285DFB6A00A52663 /* IGFeedPostActionsTableViewCell.swift in Sources */ = {isa = PBXBuildFile; fileRef = 56F6E7D8285DFB6A00A52663 /* IGFeedPostActionsTableViewCell.swift */; };
		56F6E7DB285DFB9400A52663 /* IGFeedPostGeneralTableViewCell.swift in Sources */ = {isa = PBXBuildFile; fileRef = 56F6E7DA285DFB9400A52663 /* IGFeedPostGeneralTableViewCell.swift */; };
		56F6E7DD285E0E6900A52663 /* FormTableViewCell.swift in Sources */ = {isa = PBXBuildFile; fileRef = 56F6E7DC285E0E6900A52663 /* FormTableViewCell.swift */; };
/* End PBXBuildFile section */

/* Begin PBXFileReference section */
		565CAEB3285A322700B983D7 /* Instagram.app */ = {isa = PBXFileReference; explicitFileType = wrapper.application; includeInIndex = 0; path = Instagram.app; sourceTree = BUILT_PRODUCTS_DIR; };
		565CAEB6285A322700B983D7 /* AppDelegate.swift */ = {isa = PBXFileReference; lastKnownFileType = sourcecode.swift; path = AppDelegate.swift; sourceTree = "<group>"; };
		565CAEB8285A322700B983D7 /* SceneDelegate.swift */ = {isa = PBXFileReference; lastKnownFileType = sourcecode.swift; path = SceneDelegate.swift; sourceTree = "<group>"; };
		565CAEBA285A322700B983D7 /* HomeViewController.swift */ = {isa = PBXFileReference; lastKnownFileType = sourcecode.swift; path = HomeViewController.swift; sourceTree = "<group>"; };
		565CAEBD285A322700B983D7 /* Base */ = {isa = PBXFileReference; lastKnownFileType = file.storyboard; name = Base; path = Base.lproj/Main.storyboard; sourceTree = "<group>"; };
		565CAEBF285A322800B983D7 /* Assets.xcassets */ = {isa = PBXFileReference; lastKnownFileType = folder.assetcatalog; path = Assets.xcassets; sourceTree = "<group>"; };
		565CAEC2285A322800B983D7 /* Base */ = {isa = PBXFileReference; lastKnownFileType = file.storyboard; name = Base; path = Base.lproj/LaunchScreen.storyboard; sourceTree = "<group>"; };
		565CAEC4285A322800B983D7 /* Info.plist */ = {isa = PBXFileReference; lastKnownFileType = text.plist.xml; path = Info.plist; sourceTree = "<group>"; };
		565CAECF285A335700B983D7 /* ExploreViewController.swift */ = {isa = PBXFileReference; lastKnownFileType = sourcecode.swift; path = ExploreViewController.swift; sourceTree = "<group>"; };
		565CAED1285A4D6700B983D7 /* CameraViewController.swift */ = {isa = PBXFileReference; lastKnownFileType = sourcecode.swift; path = CameraViewController.swift; sourceTree = "<group>"; };
		565CAED3285A4D7C00B983D7 /* NotificationsViewController.swift */ = {isa = PBXFileReference; lastKnownFileType = sourcecode.swift; path = NotificationsViewController.swift; sourceTree = "<group>"; };
		565CAED5285A4D8600B983D7 /* ProfileViewController.swift */ = {isa = PBXFileReference; lastKnownFileType = sourcecode.swift; path = ProfileViewController.swift; sourceTree = "<group>"; };
		565CAEDA285A4E1A00B983D7 /* LoginViewController.swift */ = {isa = PBXFileReference; lastKnownFileType = sourcecode.swift; path = LoginViewController.swift; sourceTree = "<group>"; };
		565CAEDC285A4E2600B983D7 /* RegistrationViewController.swift */ = {isa = PBXFileReference; lastKnownFileType = sourcecode.swift; path = RegistrationViewController.swift; sourceTree = "<group>"; };
		565CAEDE285A4E4300B983D7 /* PostViewController.swift */ = {isa = PBXFileReference; lastKnownFileType = sourcecode.swift; path = PostViewController.swift; sourceTree = "<group>"; };
		565CAEE0285A4E5F00B983D7 /* EditProfileViewController.swift */ = {isa = PBXFileReference; lastKnownFileType = sourcecode.swift; path = EditProfileViewController.swift; sourceTree = "<group>"; };
		565CAEE2285A4E6E00B983D7 /* SettingsViewController.swift */ = {isa = PBXFileReference; lastKnownFileType = sourcecode.swift; path = SettingsViewController.swift; sourceTree = "<group>"; };
		565CAEE4285A4E7E00B983D7 /* ListViewController.swift */ = {isa = PBXFileReference; lastKnownFileType = sourcecode.swift; path = ListViewController.swift; sourceTree = "<group>"; };
		565CAEE6285A4E9600B983D7 /* SearchViewController.swift */ = {isa = PBXFileReference; lastKnownFileType = sourcecode.swift; path = SearchViewController.swift; sourceTree = "<group>"; };
		565CAEE8285A4EAE00B983D7 /* SearchResultViewController.swift */ = {isa = PBXFileReference; lastKnownFileType = sourcecode.swift; path = SearchResultViewController.swift; sourceTree = "<group>"; };
		565CAEEA285A4EDC00B983D7 /* PostEditorViewController.swift */ = {isa = PBXFileReference; lastKnownFileType = sourcecode.swift; path = PostEditorViewController.swift; sourceTree = "<group>"; };
		565CAEEC285A4EF000B983D7 /* PublishViewController.swift */ = {isa = PBXFileReference; lastKnownFileType = sourcecode.swift; path = PublishViewController.swift; sourceTree = "<group>"; };
		567D3B22285B0556004B4678 /* DatabaseManager.swift */ = {isa = PBXFileReference; lastKnownFileType = sourcecode.swift; path = DatabaseManager.swift; sourceTree = "<group>"; };
		567D3B24285B0619004B4678 /* AuthManager.swift */ = {isa = PBXFileReference; lastKnownFileType = sourcecode.swift; path = AuthManager.swift; sourceTree = "<group>"; };
		567D3B26285B0646004B4678 /* StorageManager.swift */ = {isa = PBXFileReference; lastKnownFileType = sourcecode.swift; path = StorageManager.swift; sourceTree = "<group>"; };
		5685A73D285A565900D80C5F /* GoogleService-Info.plist */ = {isa = PBXFileReference; fileEncoding = 4; lastKnownFileType = text.plist.xml; path = "GoogleService-Info.plist"; sourceTree = "<group>"; };
		56CC3B71285B78EE009E9E2E /* Extensions.swift */ = {isa = PBXFileReference; lastKnownFileType = sourcecode.swift; path = Extensions.swift; sourceTree = "<group>"; };
		56D30CF7285F5B5700D5F263 /* PhotoCollectionViewCell.swift */ = {isa = PBXFileReference; lastKnownFileType = sourcecode.swift; path = PhotoCollectionViewCell.swift; sourceTree = "<group>"; };
		56D30CF9285F5BA800D5F263 /* ProfileInfoHeaderCollectionReusableView.swift */ = {isa = PBXFileReference; lastKnownFileType = sourcecode.swift; path = ProfileInfoHeaderCollectionReusableView.swift; sourceTree = "<group>"; };
		56D30CFB285F5BDC00D5F263 /* ProfileTabsCollectionReusableView.swift */ = {isa = PBXFileReference; lastKnownFileType = sourcecode.swift; path = ProfileTabsCollectionReusableView.swift; sourceTree = "<group>"; };
		56D30D00285F7C2B00D5F263 /* Models.swift */ = {isa = PBXFileReference; lastKnownFileType = sourcecode.swift; path = Models.swift; sourceTree = "<group>"; };
		56F6E7D3285DF9CB00A52663 /* IGFeedPostTableViewCell.swift */ = {isa = PBXFileReference; lastKnownFileType = sourcecode.swift; path = IGFeedPostTableViewCell.swift; sourceTree = "<group>"; };
		56F6E7D6285DFB5200A52663 /* IGFeedPostHeaderTableViewCell.swift */ = {isa = PBXFileReference; lastKnownFileType = sourcecode.swift; path = IGFeedPostHeaderTableViewCell.swift; sourceTree = "<group>"; };
		56F6E7D8285DFB6A00A52663 /* IGFeedPostActionsTableViewCell.swift */ = {isa = PBXFileReference; lastKnownFileType = sourcecode.swift; path = IGFeedPostActionsTableViewCell.swift; sourceTree = "<group>"; };
		56F6E7DA285DFB9400A52663 /* IGFeedPostGeneralTableViewCell.swift */ = {isa = PBXFileReference; lastKnownFileType = sourcecode.swift; path = IGFeedPostGeneralTableViewCell.swift; sourceTree = "<group>"; };
		56F6E7DC285E0E6900A52663 /* FormTableViewCell.swift */ = {isa = PBXFileReference; lastKnownFileType = sourcecode.swift; path = FormTableViewCell.swift; sourceTree = "<group>"; };
/* End PBXFileReference section */

/* Begin PBXFrameworksBuildPhase section */
		565CAEB0285A322700B983D7 /* Frameworks */ = {
			isa = PBXFrameworksBuildPhase;
			buildActionMask = 2147483647;
			files = (
				56D30CFF285F76D000D5F263 /* SDWebImage in Frameworks */,
				567D3B1E285A5BA6004B4678 /* FirebaseCrashlytics in Frameworks */,
				567D3B1A285A5BA6004B4678 /* FirebaseAnalytics in Frameworks */,
				567D3B20285A5BA6004B4678 /* FirebaseDatabase in Frameworks */,
				567D3B2A285B06CC004B4678 /* FirebaseStorage in Frameworks */,
				567D3B1C285A5BA6004B4678 /* FirebaseAuth in Frameworks */,
			);
			runOnlyForDeploymentPostprocessing = 0;
		};
/* End PBXFrameworksBuildPhase section */

/* Begin PBXGroup section */
		565CAEAA285A322700B983D7 = {
			isa = PBXGroup;
			children = (
				565CAEB5285A322700B983D7 /* Instagram */,
				565CAEB4285A322700B983D7 /* Products */,
			);
			sourceTree = "<group>";
		};
		565CAEB4285A322700B983D7 /* Products */ = {
			isa = PBXGroup;
			children = (
				565CAEB3285A322700B983D7 /* Instagram.app */,
			);
			name = Products;
			sourceTree = "<group>";
		};
		565CAEB5285A322700B983D7 /* Instagram */ = {
			isa = PBXGroup;
			children = (
				565CAECD285A326200B983D7 /* Resources */,
				565CAECC285A325C00B983D7 /* Models */,
				565CAECB285A325500B983D7 /* Views */,
				565CAECA285A324C00B983D7 /* Controllers */,
				565CAEC4285A322800B983D7 /* Info.plist */,
			);
			path = Instagram;
			sourceTree = "<group>";
		};
		565CAECA285A324C00B983D7 /* Controllers */ = {
			isa = PBXGroup;
			children = (
				565CAED8285A4DEF00B983D7 /* Other */,
				565CAED7285A4D9B00B983D7 /* Core Tabs */,
			);
			path = Controllers;
			sourceTree = "<group>";
		};
		565CAECB285A325500B983D7 /* Views */ = {
			isa = PBXGroup;
			children = (
				56D30CF6285F5B1E00D5F263 /* CollectionView Headers */,
				56F6E7D2285DF98900A52663 /* Cells */,
				565CAEBF285A322800B983D7 /* Assets.xcassets */,
				565CAECE285A32A600B983D7 /* Storybords */,
			);
			path = Views;
			sourceTree = "<group>";
		};
		565CAECC285A325C00B983D7 /* Models */ = {
			isa = PBXGroup;
			children = (
				56D30D00285F7C2B00D5F263 /* Models.swift */,
			);
			path = Models;
			sourceTree = "<group>";
		};
		565CAECD285A326200B983D7 /* Resources */ = {
			isa = PBXGroup;
			children = (
				5685A73D285A565900D80C5F /* GoogleService-Info.plist */,
				565CAEB6285A322700B983D7 /* AppDelegate.swift */,
				565CAEB8285A322700B983D7 /* SceneDelegate.swift */,
				567D3B22285B0556004B4678 /* DatabaseManager.swift */,
				567D3B24285B0619004B4678 /* AuthManager.swift */,
				567D3B26285B0646004B4678 /* StorageManager.swift */,
				56CC3B71285B78EE009E9E2E /* Extensions.swift */,
			);
			path = Resources;
			sourceTree = "<group>";
		};
		565CAECE285A32A600B983D7 /* Storybords */ = {
			isa = PBXGroup;
			children = (
				565CAEBC285A322700B983D7 /* Main.storyboard */,
				565CAEC1285A322800B983D7 /* LaunchScreen.storyboard */,
			);
			path = Storybords;
			sourceTree = "<group>";
		};
		565CAED7285A4D9B00B983D7 /* Core Tabs */ = {
			isa = PBXGroup;
			children = (
				565CAEBA285A322700B983D7 /* HomeViewController.swift */,
				565CAECF285A335700B983D7 /* ExploreViewController.swift */,
				565CAED1285A4D6700B983D7 /* CameraViewController.swift */,
				565CAED3285A4D7C00B983D7 /* NotificationsViewController.swift */,
				565CAED5285A4D8600B983D7 /* ProfileViewController.swift */,
			);
			path = "Core Tabs";
			sourceTree = "<group>";
		};
		565CAED8285A4DEF00B983D7 /* Other */ = {
			isa = PBXGroup;
			children = (
				565CAED9285A4DFC00B983D7 /* Onboarding */,
				567D3B21285B04A2004B4678 /* General */,
			);
			path = Other;
			sourceTree = "<group>";
		};
		565CAED9285A4DFC00B983D7 /* Onboarding */ = {
			isa = PBXGroup;
			children = (
				565CAEDA285A4E1A00B983D7 /* LoginViewController.swift */,
				565CAEDC285A4E2600B983D7 /* RegistrationViewController.swift */,
			);
			path = Onboarding;
			sourceTree = "<group>";
		};
		567D3B21285B04A2004B4678 /* General */ = {
			isa = PBXGroup;
			children = (
				565CAEE2285A4E6E00B983D7 /* SettingsViewController.swift */,
				565CAEDE285A4E4300B983D7 /* PostViewController.swift */,
				565CAEE0285A4E5F00B983D7 /* EditProfileViewController.swift */,
				565CAEE4285A4E7E00B983D7 /* ListViewController.swift */,
				565CAEE6285A4E9600B983D7 /* SearchViewController.swift */,
				565CAEE8285A4EAE00B983D7 /* SearchResultViewController.swift */,
				565CAEEA285A4EDC00B983D7 /* PostEditorViewController.swift */,
				565CAEEC285A4EF000B983D7 /* PublishViewController.swift */,
			);
			path = General;
			sourceTree = "<group>";
		};
		56D30CF6285F5B1E00D5F263 /* CollectionView Headers */ = {
			isa = PBXGroup;
			children = (
				56D30CF9285F5BA800D5F263 /* ProfileInfoHeaderCollectionReusableView.swift */,
				56D30CFB285F5BDC00D5F263 /* ProfileTabsCollectionReusableView.swift */,
			);
			path = "CollectionView Headers";
			sourceTree = "<group>";
		};
		56F6E7D2285DF98900A52663 /* Cells */ = {
			isa = PBXGroup;
			children = (
				56F6E7D5285DFAFD00A52663 /* Home Feed */,
				56F6E7DC285E0E6900A52663 /* FormTableViewCell.swift */,
				56D30CF7285F5B5700D5F263 /* PhotoCollectionViewCell.swift */,
			);
			path = Cells;
			sourceTree = "<group>";
		};
		56F6E7D5285DFAFD00A52663 /* Home Feed */ = {
			isa = PBXGroup;
			children = (
				56F6E7D3285DF9CB00A52663 /* IGFeedPostTableViewCell.swift */,
				56F6E7D6285DFB5200A52663 /* IGFeedPostHeaderTableViewCell.swift */,
				56F6E7D8285DFB6A00A52663 /* IGFeedPostActionsTableViewCell.swift */,
				56F6E7DA285DFB9400A52663 /* IGFeedPostGeneralTableViewCell.swift */,
			);
			path = "Home Feed";
			sourceTree = "<group>";
		};
/* End PBXGroup section */

/* Begin PBXNativeTarget section */
		565CAEB2285A322700B983D7 /* Instagram */ = {
			isa = PBXNativeTarget;
			buildConfigurationList = 565CAEC7285A322800B983D7 /* Build configuration list for PBXNativeTarget "Instagram" */;
			buildPhases = (
				565CAEAF285A322700B983D7 /* Sources */,
				565CAEB0285A322700B983D7 /* Frameworks */,
				565CAEB1285A322700B983D7 /* Resources */,
			);
			buildRules = (
			);
			dependencies = (
			);
			name = Instagram;
			packageProductDependencies = (
				567D3B19285A5BA6004B4678 /* FirebaseAnalytics */,
				567D3B1B285A5BA6004B4678 /* FirebaseAuth */,
				567D3B1D285A5BA6004B4678 /* FirebaseCrashlytics */,
				567D3B1F285A5BA6004B4678 /* FirebaseDatabase */,
				567D3B29285B06CC004B4678 /* FirebaseStorage */,
				56D30CFE285F76D000D5F263 /* SDWebImage */,
			);
			productName = Instagram;
			productReference = 565CAEB3285A322700B983D7 /* Instagram.app */;
			productType = "com.apple.product-type.application";
		};
/* End PBXNativeTarget section */

/* Begin PBXProject section */
		565CAEAB285A322700B983D7 /* Project object */ = {
			isa = PBXProject;
			attributes = {
				BuildIndependentTargetsInParallel = 1;
				LastSwiftUpdateCheck = 1340;
				LastUpgradeCheck = 1340;
				TargetAttributes = {
					565CAEB2285A322700B983D7 = {
						CreatedOnToolsVersion = 13.4.1;
					};
				};
			};
			buildConfigurationList = 565CAEAE285A322700B983D7 /* Build configuration list for PBXProject "Instagram" */;
			compatibilityVersion = "Xcode 13.0";
			developmentRegion = en;
			hasScannedForEncodings = 0;
			knownRegions = (
				en,
				Base,
			);
			mainGroup = 565CAEAA285A322700B983D7;
			packageReferences = (
				567D3B18285A5BA5004B4678 /* XCRemoteSwiftPackageReference "firebase-ios-sdk" */,
				567D3B28285B06CC004B4678 /* XCRemoteSwiftPackageReference "firebase-ios-sdk" */,
				56D30CFD285F76D000D5F263 /* XCRemoteSwiftPackageReference "SDWebImage" */,
			);
			productRefGroup = 565CAEB4285A322700B983D7 /* Products */;
			projectDirPath = "";
			projectRoot = "";
			targets = (
				565CAEB2285A322700B983D7 /* Instagram */,
			);
		};
/* End PBXProject section */

/* Begin PBXResourcesBuildPhase section */
		565CAEB1285A322700B983D7 /* Resources */ = {
			isa = PBXResourcesBuildPhase;
			buildActionMask = 2147483647;
			files = (
				565CAEC3285A322800B983D7 /* LaunchScreen.storyboard in Resources */,
				5685A73E285A565900D80C5F /* GoogleService-Info.plist in Resources */,
				565CAEC0285A322800B983D7 /* Assets.xcassets in Resources */,
				565CAEBE285A322700B983D7 /* Main.storyboard in Resources */,
			);
			runOnlyForDeploymentPostprocessing = 0;
		};
/* End PBXResourcesBuildPhase section */

/* Begin PBXSourcesBuildPhase section */
		565CAEAF285A322700B983D7 /* Sources */ = {
			isa = PBXSourcesBuildPhase;
			buildActionMask = 2147483647;
			files = (
				565CAEE1285A4E5F00B983D7 /* EditProfileViewController.swift in Sources */,
				565CAED0285A335700B983D7 /* ExploreViewController.swift in Sources */,
				565CAED2285A4D6700B983D7 /* CameraViewController.swift in Sources */,
				565CAEBB285A322700B983D7 /* HomeViewController.swift in Sources */,
				565CAEDD285A4E2600B983D7 /* RegistrationViewController.swift in Sources */,
				565CAEEB285A4EDC00B983D7 /* PostEditorViewController.swift in Sources */,
				56F6E7D7285DFB5200A52663 /* IGFeedPostHeaderTableViewCell.swift in Sources */,
				565CAEDF285A4E4300B983D7 /* PostViewController.swift in Sources */,
				567D3B27285B0646004B4678 /* StorageManager.swift in Sources */,
				56D30D01285F7C2B00D5F263 /* Models.swift in Sources */,
				56F6E7DD285E0E6900A52663 /* FormTableViewCell.swift in Sources */,
				565CAED4285A4D7C00B983D7 /* NotificationsViewController.swift in Sources */,
				56D30CFC285F5BDC00D5F263 /* ProfileTabsCollectionReusableView.swift in Sources */,
				567D3B23285B0556004B4678 /* DatabaseManager.swift in Sources */,
				565CAEE9285A4EAE00B983D7 /* SearchResultViewController.swift in Sources */,
				56F6E7D4285DF9CB00A52663 /* IGFeedPostTableViewCell.swift in Sources */,
				56D30CF8285F5B5700D5F263 /* PhotoCollectionViewCell.swift in Sources */,
				565CAEDB285A4E1A00B983D7 /* LoginViewController.swift in Sources */,
				565CAEE7285A4E9600B983D7 /* SearchViewController.swift in Sources */,
				56CC3B72285B78EE009E9E2E /* Extensions.swift in Sources */,
				56F6E7DB285DFB9400A52663 /* IGFeedPostGeneralTableViewCell.swift in Sources */,
				565CAED6285A4D8600B983D7 /* ProfileViewController.swift in Sources */,
				56D30CFA285F5BA800D5F263 /* ProfileInfoHeaderCollectionReusableView.swift in Sources */,
				565CAEB7285A322700B983D7 /* AppDelegate.swift in Sources */,
				567D3B25285B0619004B4678 /* AuthManager.swift in Sources */,
				565CAEB9285A322700B983D7 /* SceneDelegate.swift in Sources */,
				565CAEED285A4EF000B983D7 /* PublishViewController.swift in Sources */,
				56F6E7D9285DFB6A00A52663 /* IGFeedPostActionsTableViewCell.swift in Sources */,
				565CAEE5285A4E7E00B983D7 /* ListViewController.swift in Sources */,
				565CAEE3285A4E6E00B983D7 /* SettingsViewController.swift in Sources */,
			);
			runOnlyForDeploymentPostprocessing = 0;
		};
/* End PBXSourcesBuildPhase section */

/* Begin PBXVariantGroup section */
		565CAEBC285A322700B983D7 /* Main.storyboard */ = {
			isa = PBXVariantGroup;
			children = (
				565CAEBD285A322700B983D7 /* Base */,
			);
			name = Main.storyboard;
			sourceTree = "<group>";
		};
		565CAEC1285A322800B983D7 /* LaunchScreen.storyboard */ = {
			isa = PBXVariantGroup;
			children = (
				565CAEC2285A322800B983D7 /* Base */,
			);
			name = LaunchScreen.storyboard;
			sourceTree = "<group>";
		};
/* End PBXVariantGroup section */

/* Begin XCBuildConfiguration section */
		565CAEC5285A322800B983D7 /* Debug */ = {
			isa = XCBuildConfiguration;
			buildSettings = {
				ALWAYS_SEARCH_USER_PATHS = NO;
				CLANG_ANALYZER_NONNULL = YES;
				CLANG_ANALYZER_NUMBER_OBJECT_CONVERSION = YES_AGGRESSIVE;
				CLANG_CXX_LANGUAGE_STANDARD = "gnu++17";
				CLANG_ENABLE_MODULES = YES;
				CLANG_ENABLE_OBJC_ARC = YES;
				CLANG_ENABLE_OBJC_WEAK = YES;
				CLANG_WARN_BLOCK_CAPTURE_AUTORELEASING = YES;
				CLANG_WARN_BOOL_CONVERSION = YES;
				CLANG_WARN_COMMA = YES;
				CLANG_WARN_CONSTANT_CONVERSION = YES;
				CLANG_WARN_DEPRECATED_OBJC_IMPLEMENTATIONS = YES;
				CLANG_WARN_DIRECT_OBJC_ISA_USAGE = YES_ERROR;
				CLANG_WARN_DOCUMENTATION_COMMENTS = YES;
				CLANG_WARN_EMPTY_BODY = YES;
				CLANG_WARN_ENUM_CONVERSION = YES;
				CLANG_WARN_INFINITE_RECURSION = YES;
				CLANG_WARN_INT_CONVERSION = YES;
				CLANG_WARN_NON_LITERAL_NULL_CONVERSION = YES;
				CLANG_WARN_OBJC_IMPLICIT_RETAIN_SELF = YES;
				CLANG_WARN_OBJC_LITERAL_CONVERSION = YES;
				CLANG_WARN_OBJC_ROOT_CLASS = YES_ERROR;
				CLANG_WARN_QUOTED_INCLUDE_IN_FRAMEWORK_HEADER = YES;
				CLANG_WARN_RANGE_LOOP_ANALYSIS = YES;
				CLANG_WARN_STRICT_PROTOTYPES = YES;
				CLANG_WARN_SUSPICIOUS_MOVE = YES;
				CLANG_WARN_UNGUARDED_AVAILABILITY = YES_AGGRESSIVE;
				CLANG_WARN_UNREACHABLE_CODE = YES;
				CLANG_WARN__DUPLICATE_METHOD_MATCH = YES;
				COPY_PHASE_STRIP = NO;
				DEBUG_INFORMATION_FORMAT = dwarf;
				ENABLE_STRICT_OBJC_MSGSEND = YES;
				ENABLE_TESTABILITY = YES;
				GCC_C_LANGUAGE_STANDARD = gnu11;
				GCC_DYNAMIC_NO_PIC = NO;
				GCC_NO_COMMON_BLOCKS = YES;
				GCC_OPTIMIZATION_LEVEL = 0;
				GCC_PREPROCESSOR_DEFINITIONS = (
					"DEBUG=1",
					"$(inherited)",
				);
				GCC_WARN_64_TO_32_BIT_CONVERSION = YES;
				GCC_WARN_ABOUT_RETURN_TYPE = YES_ERROR;
				GCC_WARN_UNDECLARED_SELECTOR = YES;
				GCC_WARN_UNINITIALIZED_AUTOS = YES_AGGRESSIVE;
				GCC_WARN_UNUSED_FUNCTION = YES;
				GCC_WARN_UNUSED_VARIABLE = YES;
				IPHONEOS_DEPLOYMENT_TARGET = 15.5;
				MTL_ENABLE_DEBUG_INFO = INCLUDE_SOURCE;
				MTL_FAST_MATH = YES;
				ONLY_ACTIVE_ARCH = YES;
				SDKROOT = iphoneos;
				SWIFT_ACTIVE_COMPILATION_CONDITIONS = DEBUG;
				SWIFT_OPTIMIZATION_LEVEL = "-Onone";
			};
			name = Debug;
		};
		565CAEC6285A322800B983D7 /* Release */ = {
			isa = XCBuildConfiguration;
			buildSettings = {
				ALWAYS_SEARCH_USER_PATHS = NO;
				CLANG_ANALYZER_NONNULL = YES;
				CLANG_ANALYZER_NUMBER_OBJECT_CONVERSION = YES_AGGRESSIVE;
				CLANG_CXX_LANGUAGE_STANDARD = "gnu++17";
				CLANG_ENABLE_MODULES = YES;
				CLANG_ENABLE_OBJC_ARC = YES;
				CLANG_ENABLE_OBJC_WEAK = YES;
				CLANG_WARN_BLOCK_CAPTURE_AUTORELEASING = YES;
				CLANG_WARN_BOOL_CONVERSION = YES;
				CLANG_WARN_COMMA = YES;
				CLANG_WARN_CONSTANT_CONVERSION = YES;
				CLANG_WARN_DEPRECATED_OBJC_IMPLEMENTATIONS = YES;
				CLANG_WARN_DIRECT_OBJC_ISA_USAGE = YES_ERROR;
				CLANG_WARN_DOCUMENTATION_COMMENTS = YES;
				CLANG_WARN_EMPTY_BODY = YES;
				CLANG_WARN_ENUM_CONVERSION = YES;
				CLANG_WARN_INFINITE_RECURSION = YES;
				CLANG_WARN_INT_CONVERSION = YES;
				CLANG_WARN_NON_LITERAL_NULL_CONVERSION = YES;
				CLANG_WARN_OBJC_IMPLICIT_RETAIN_SELF = YES;
				CLANG_WARN_OBJC_LITERAL_CONVERSION = YES;
				CLANG_WARN_OBJC_ROOT_CLASS = YES_ERROR;
				CLANG_WARN_QUOTED_INCLUDE_IN_FRAMEWORK_HEADER = YES;
				CLANG_WARN_RANGE_LOOP_ANALYSIS = YES;
				CLANG_WARN_STRICT_PROTOTYPES = YES;
				CLANG_WARN_SUSPICIOUS_MOVE = YES;
				CLANG_WARN_UNGUARDED_AVAILABILITY = YES_AGGRESSIVE;
				CLANG_WARN_UNREACHABLE_CODE = YES;
				CLANG_WARN__DUPLICATE_METHOD_MATCH = YES;
				COPY_PHASE_STRIP = NO;
				DEBUG_INFORMATION_FORMAT = "dwarf-with-dsym";
				ENABLE_NS_ASSERTIONS = NO;
				ENABLE_STRICT_OBJC_MSGSEND = YES;
				GCC_C_LANGUAGE_STANDARD = gnu11;
				GCC_NO_COMMON_BLOCKS = YES;
				GCC_WARN_64_TO_32_BIT_CONVERSION = YES;
				GCC_WARN_ABOUT_RETURN_TYPE = YES_ERROR;
				GCC_WARN_UNDECLARED_SELECTOR = YES;
				GCC_WARN_UNINITIALIZED_AUTOS = YES_AGGRESSIVE;
				GCC_WARN_UNUSED_FUNCTION = YES;
				GCC_WARN_UNUSED_VARIABLE = YES;
				IPHONEOS_DEPLOYMENT_TARGET = 15.5;
				MTL_ENABLE_DEBUG_INFO = NO;
				MTL_FAST_MATH = YES;
				SDKROOT = iphoneos;
				SWIFT_COMPILATION_MODE = wholemodule;
				SWIFT_OPTIMIZATION_LEVEL = "-O";
				VALIDATE_PRODUCT = YES;
			};
			name = Release;
		};
		565CAEC8285A322800B983D7 /* Debug */ = {
			isa = XCBuildConfiguration;
			buildSettings = {
				ASSETCATALOG_COMPILER_APPICON_NAME = AppIcon;
				ASSETCATALOG_COMPILER_GLOBAL_ACCENT_COLOR_NAME = AccentColor;
				CODE_SIGN_STYLE = Automatic;
				CURRENT_PROJECT_VERSION = 1;
				DEVELOPMENT_TEAM = 565924VX8B;
				GENERATE_INFOPLIST_FILE = YES;
				INFOPLIST_FILE = Instagram/Info.plist;
				INFOPLIST_KEY_UIApplicationSupportsIndirectInputEvents = YES;
				INFOPLIST_KEY_UILaunchStoryboardName = LaunchScreen;
				INFOPLIST_KEY_UIMainStoryboardFile = Main;
				INFOPLIST_KEY_UISupportedInterfaceOrientations = UIInterfaceOrientationPortrait;
				INFOPLIST_KEY_UISupportedInterfaceOrientations_iPad = "UIInterfaceOrientationPortrait UIInterfaceOrientationPortraitUpsideDown UIInterfaceOrientationLandscapeLeft UIInterfaceOrientationLandscapeRight";
				INFOPLIST_KEY_UISupportedInterfaceOrientations_iPhone = "UIInterfaceOrientationPortrait UIInterfaceOrientationLandscapeLeft UIInterfaceOrientationLandscapeRight";
				IPHONEOS_DEPLOYMENT_TARGET = 15.0;
				LD_RUNPATH_SEARCH_PATHS = (
					"$(inherited)",
					"@executable_path/Frameworks",
				);
				MARKETING_VERSION = 1.0;
				PRODUCT_BUNDLE_IDENTIFIER = com.maartenborsje.Instagram;
				PRODUCT_NAME = "$(TARGET_NAME)";
				SWIFT_EMIT_LOC_STRINGS = YES;
				SWIFT_VERSION = 5.0;
				TARGETED_DEVICE_FAMILY = "1,2";
			};
			name = Debug;
		};
		565CAEC9285A322800B983D7 /* Release */ = {
			isa = XCBuildConfiguration;
			buildSettings = {
				ASSETCATALOG_COMPILER_APPICON_NAME = AppIcon;
				ASSETCATALOG_COMPILER_GLOBAL_ACCENT_COLOR_NAME = AccentColor;
				CODE_SIGN_STYLE = Automatic;
				CURRENT_PROJECT_VERSION = 1;
				DEVELOPMENT_TEAM = 565924VX8B;
				GENERATE_INFOPLIST_FILE = YES;
				INFOPLIST_FILE = Instagram/Info.plist;
				INFOPLIST_KEY_UIApplicationSupportsIndirectInputEvents = YES;
				INFOPLIST_KEY_UILaunchStoryboardName = LaunchScreen;
				INFOPLIST_KEY_UIMainStoryboardFile = Main;
				INFOPLIST_KEY_UISupportedInterfaceOrientations = UIInterfaceOrientationPortrait;
				INFOPLIST_KEY_UISupportedInterfaceOrientations_iPad = "UIInterfaceOrientationPortrait UIInterfaceOrientationPortraitUpsideDown UIInterfaceOrientationLandscapeLeft UIInterfaceOrientationLandscapeRight";
				INFOPLIST_KEY_UISupportedInterfaceOrientations_iPhone = "UIInterfaceOrientationPortrait UIInterfaceOrientationLandscapeLeft UIInterfaceOrientationLandscapeRight";
				IPHONEOS_DEPLOYMENT_TARGET = 15.0;
				LD_RUNPATH_SEARCH_PATHS = (
					"$(inherited)",
					"@executable_path/Frameworks",
				);
				MARKETING_VERSION = 1.0;
				PRODUCT_BUNDLE_IDENTIFIER = com.maartenborsje.Instagram;
				PRODUCT_NAME = "$(TARGET_NAME)";
				SWIFT_EMIT_LOC_STRINGS = YES;
				SWIFT_VERSION = 5.0;
				TARGETED_DEVICE_FAMILY = "1,2";
			};
			name = Release;
		};
/* End XCBuildConfiguration section */

/* Begin XCConfigurationList section */
		565CAEAE285A322700B983D7 /* Build configuration list for PBXProject "Instagram" */ = {
			isa = XCConfigurationList;
			buildConfigurations = (
				565CAEC5285A322800B983D7 /* Debug */,
				565CAEC6285A322800B983D7 /* Release */,
			);
			defaultConfigurationIsVisible = 0;
			defaultConfigurationName = Release;
		};
		565CAEC7285A322800B983D7 /* Build configuration list for PBXNativeTarget "Instagram" */ = {
			isa = XCConfigurationList;
			buildConfigurations = (
				565CAEC8285A322800B983D7 /* Debug */,
				565CAEC9285A322800B983D7 /* Release */,
			);
			defaultConfigurationIsVisible = 0;
			defaultConfigurationName = Release;
		};
/* End XCConfigurationList section */

/* Begin XCRemoteSwiftPackageReference section */
		567D3B18285A5BA5004B4678 /* XCRemoteSwiftPackageReference "firebase-ios-sdk" */ = {
			isa = XCRemoteSwiftPackageReference;
			repositoryURL = "https://github.com/firebase/firebase-ios-sdk.git";
			requirement = {
				kind = upToNextMajorVersion;
				minimumVersion = 9.0.0;
			};
		};
		567D3B28285B06CC004B4678 /* XCRemoteSwiftPackageReference "firebase-ios-sdk" */ = {
			isa = XCRemoteSwiftPackageReference;
			repositoryURL = "https://github.com/firebase/firebase-ios-sdk.git";
			requirement = {
				branch = master;
				kind = branch;
			};
		};
		56D30CFD285F76D000D5F263 /* XCRemoteSwiftPackageReference "SDWebImage" */ = {
			isa = XCRemoteSwiftPackageReference;
			repositoryURL = "https://github.com/SDWebImage/SDWebImage.git";
			requirement = {
				kind = upToNextMajorVersion;
				minimumVersion = 5.0.0;
			};
		};
/* End XCRemoteSwiftPackageReference section */

/* Begin XCSwiftPackageProductDependency section */
		567D3B19285A5BA6004B4678 /* FirebaseAnalytics */ = {
			isa = XCSwiftPackageProductDependency;
			package = 567D3B18285A5BA5004B4678 /* XCRemoteSwiftPackageReference "firebase-ios-sdk" */;
			productName = FirebaseAnalytics;
		};
		567D3B1B285A5BA6004B4678 /* FirebaseAuth */ = {
			isa = XCSwiftPackageProductDependency;
			package = 567D3B18285A5BA5004B4678 /* XCRemoteSwiftPackageReference "firebase-ios-sdk" */;
			productName = FirebaseAuth;
		};
		567D3B1D285A5BA6004B4678 /* FirebaseCrashlytics */ = {
			isa = XCSwiftPackageProductDependency;
			package = 567D3B18285A5BA5004B4678 /* XCRemoteSwiftPackageReference "firebase-ios-sdk" */;
			productName = FirebaseCrashlytics;
		};
		567D3B1F285A5BA6004B4678 /* FirebaseDatabase */ = {
			isa = XCSwiftPackageProductDependency;
			package = 567D3B18285A5BA5004B4678 /* XCRemoteSwiftPackageReference "firebase-ios-sdk" */;
			productName = FirebaseDatabase;
		};
		567D3B29285B06CC004B4678 /* FirebaseStorage */ = {
			isa = XCSwiftPackageProductDependency;
			package = 567D3B28285B06CC004B4678 /* XCRemoteSwiftPackageReference "firebase-ios-sdk" */;
			productName = FirebaseStorage;
		};
		56D30CFE285F76D000D5F263 /* SDWebImage */ = {
			isa = XCSwiftPackageProductDependency;
			package = 56D30CFD285F76D000D5F263 /* XCRemoteSwiftPackageReference "SDWebImage" */;
			productName = SDWebImage;
		};
/* End XCSwiftPackageProductDependency section */
	};
	rootObject = 565CAEAB285A322700B983D7 /* Project object */;
}
